// !$*UTF8*$!
{
	archiveVersion = 1;
	classes = {
	};
	objectVersion = 56;
	objects = {

/* Begin PBXBuildFile section */
		75A6CF7929F688C4000D7616 /* AppDelegate.swift in Sources */ = {isa = PBXBuildFile; fileRef = 75A6CF7829F688C4000D7616 /* AppDelegate.swift */; };
		75A6CF7B29F688C4000D7616 /* SceneDelegate.swift in Sources */ = {isa = PBXBuildFile; fileRef = 75A6CF7A29F688C4000D7616 /* SceneDelegate.swift */; };
		75A6CF7D29F688C4000D7616 /* ViewController.swift in Sources */ = {isa = PBXBuildFile; fileRef = 75A6CF7C29F688C4000D7616 /* ViewController.swift */; };
		75A6CF8029F688C4000D7616 /* Main.storyboard in Resources */ = {isa = PBXBuildFile; fileRef = 75A6CF7E29F688C4000D7616 /* Main.storyboard */; };
		75A6CF8229F688C5000D7616 /* Assets.xcassets in Resources */ = {isa = PBXBuildFile; fileRef = 75A6CF8129F688C5000D7616 /* Assets.xcassets */; };
		75A6CF8529F688C5000D7616 /* LaunchScreen.storyboard in Resources */ = {isa = PBXBuildFile; fileRef = 75A6CF8329F688C5000D7616 /* LaunchScreen.storyboard */; };
		75A6CF9029F688C5000D7616 /* _oncentrationTests.swift in Sources */ = {isa = PBXBuildFile; fileRef = 75A6CF8F29F688C5000D7616 /* _oncentrationTests.swift */; };
		75A6CF9A29F688C5000D7616 /* _oncentrationUITests.swift in Sources */ = {isa = PBXBuildFile; fileRef = 75A6CF9929F688C5000D7616 /* _oncentrationUITests.swift */; };
		75A6CF9C29F688C5000D7616 /* _oncentrationUITestsLaunchTests.swift in Sources */ = {isa = PBXBuildFile; fileRef = 75A6CF9B29F688C5000D7616 /* _oncentrationUITestsLaunchTests.swift */; };
		75A6CFAA29F6A71A000D7616 /* Card.swift in Sources */ = {isa = PBXBuildFile; fileRef = 75A6CFA929F6A71A000D7616 /* Card.swift */; };
		75A6CFAC29F6A781000D7616 /* СoncentrationGame.swift in Sources */ = {isa = PBXBuildFile; fileRef = 75A6CFAB29F6A781000D7616 /* СoncentrationGame.swift */; };
/* End PBXBuildFile section */

/* Begin PBXContainerItemProxy section */
		75A6CF8C29F688C5000D7616 /* PBXContainerItemProxy */ = {
			isa = PBXContainerItemProxy;
			containerPortal = 75A6CF6D29F688C4000D7616 /* Project object */;
			proxyType = 1;
			remoteGlobalIDString = 75A6CF7429F688C4000D7616;
			remoteInfo = "Сoncentration";
		};
		75A6CF9629F688C5000D7616 /* PBXContainerItemProxy */ = {
			isa = PBXContainerItemProxy;
			containerPortal = 75A6CF6D29F688C4000D7616 /* Project object */;
			proxyType = 1;
			remoteGlobalIDString = 75A6CF7429F688C4000D7616;
			remoteInfo = "Сoncentration";
		};
/* End PBXContainerItemProxy section */

/* Begin PBXFileReference section */
		75A6CF7529F688C4000D7616 /* Сoncentration.app */ = {isa = PBXFileReference; explicitFileType = wrapper.application; includeInIndex = 0; path = "Сoncentration.app"; sourceTree = BUILT_PRODUCTS_DIR; };
		75A6CF7829F688C4000D7616 /* AppDelegate.swift */ = {isa = PBXFileReference; lastKnownFileType = sourcecode.swift; path = AppDelegate.swift; sourceTree = "<group>"; };
		75A6CF7A29F688C4000D7616 /* SceneDelegate.swift */ = {isa = PBXFileReference; lastKnownFileType = sourcecode.swift; path = SceneDelegate.swift; sourceTree = "<group>"; };
		75A6CF7C29F688C4000D7616 /* ViewController.swift */ = {isa = PBXFileReference; lastKnownFileType = sourcecode.swift; path = ViewController.swift; sourceTree = "<group>"; };
		75A6CF7F29F688C4000D7616 /* Base */ = {isa = PBXFileReference; lastKnownFileType = file.storyboard; name = Base; path = Base.lproj/Main.storyboard; sourceTree = "<group>"; };
		75A6CF8129F688C5000D7616 /* Assets.xcassets */ = {isa = PBXFileReference; lastKnownFileType = folder.assetcatalog; path = Assets.xcassets; sourceTree = "<group>"; };
		75A6CF8429F688C5000D7616 /* Base */ = {isa = PBXFileReference; lastKnownFileType = file.storyboard; name = Base; path = Base.lproj/LaunchScreen.storyboard; sourceTree = "<group>"; };
		75A6CF8629F688C5000D7616 /* Info.plist */ = {isa = PBXFileReference; lastKnownFileType = text.plist.xml; path = Info.plist; sourceTree = "<group>"; };
		75A6CF8B29F688C5000D7616 /* СoncentrationTests.xctest */ = {isa = PBXFileReference; explicitFileType = wrapper.cfbundle; includeInIndex = 0; path = "СoncentrationTests.xctest"; sourceTree = BUILT_PRODUCTS_DIR; };
		75A6CF8F29F688C5000D7616 /* _oncentrationTests.swift */ = {isa = PBXFileReference; lastKnownFileType = sourcecode.swift; path = _oncentrationTests.swift; sourceTree = "<group>"; };
		75A6CF9529F688C5000D7616 /* СoncentrationUITests.xctest */ = {isa = PBXFileReference; explicitFileType = wrapper.cfbundle; includeInIndex = 0; path = "СoncentrationUITests.xctest"; sourceTree = BUILT_PRODUCTS_DIR; };
		75A6CF9929F688C5000D7616 /* _oncentrationUITests.swift */ = {isa = PBXFileReference; lastKnownFileType = sourcecode.swift; path = _oncentrationUITests.swift; sourceTree = "<group>"; };
		75A6CF9B29F688C5000D7616 /* _oncentrationUITestsLaunchTests.swift */ = {isa = PBXFileReference; lastKnownFileType = sourcecode.swift; path = _oncentrationUITestsLaunchTests.swift; sourceTree = "<group>"; };
		75A6CFA929F6A71A000D7616 /* Card.swift */ = {isa = PBXFileReference; lastKnownFileType = sourcecode.swift; path = Card.swift; sourceTree = "<group>"; };
		75A6CFAB29F6A781000D7616 /* СoncentrationGame.swift */ = {isa = PBXFileReference; lastKnownFileType = sourcecode.swift; path = "СoncentrationGame.swift"; sourceTree = "<group>"; };
/* End PBXFileReference section */

/* Begin PBXFrameworksBuildPhase section */
		75A6CF7229F688C4000D7616 /* Frameworks */ = {
			isa = PBXFrameworksBuildPhase;
			buildActionMask = 2147483647;
			files = (
			);
			runOnlyForDeploymentPostprocessing = 0;
		};
		75A6CF8829F688C5000D7616 /* Frameworks */ = {
			isa = PBXFrameworksBuildPhase;
			buildActionMask = 2147483647;
			files = (
			);
			runOnlyForDeploymentPostprocessing = 0;
		};
		75A6CF9229F688C5000D7616 /* Frameworks */ = {
			isa = PBXFrameworksBuildPhase;
			buildActionMask = 2147483647;
			files = (
			);
			runOnlyForDeploymentPostprocessing = 0;
		};
/* End PBXFrameworksBuildPhase section */

/* Begin PBXGroup section */
		75A6CF6C29F688C4000D7616 = {
			isa = PBXGroup;
			children = (
				75A6CF7729F688C4000D7616 /* Сoncentration */,
				75A6CF8E29F688C5000D7616 /* СoncentrationTests */,
				75A6CF9829F688C5000D7616 /* СoncentrationUITests */,
				75A6CF7629F688C4000D7616 /* Products */,
			);
			sourceTree = "<group>";
		};
		75A6CF7629F688C4000D7616 /* Products */ = {
			isa = PBXGroup;
			children = (
				75A6CF7529F688C4000D7616 /* Сoncentration.app */,
				75A6CF8B29F688C5000D7616 /* СoncentrationTests.xctest */,
				75A6CF9529F688C5000D7616 /* СoncentrationUITests.xctest */,
			);
			name = Products;
			sourceTree = "<group>";
		};
		75A6CF7729F688C4000D7616 /* Сoncentration */ = {
			isa = PBXGroup;
			children = (
				75A6CFA829F6A704000D7616 /* Models */,
				75A6CF7829F688C4000D7616 /* AppDelegate.swift */,
				75A6CF7A29F688C4000D7616 /* SceneDelegate.swift */,
				75A6CF7C29F688C4000D7616 /* ViewController.swift */,
				75A6CF7E29F688C4000D7616 /* Main.storyboard */,
				75A6CF8129F688C5000D7616 /* Assets.xcassets */,
				75A6CF8329F688C5000D7616 /* LaunchScreen.storyboard */,
				75A6CF8629F688C5000D7616 /* Info.plist */,
			);
			path = "Сoncentration";
			sourceTree = "<group>";
		};
		75A6CF8E29F688C5000D7616 /* СoncentrationTests */ = {
			isa = PBXGroup;
			children = (
				75A6CF8F29F688C5000D7616 /* _oncentrationTests.swift */,
			);
			path = "СoncentrationTests";
			sourceTree = "<group>";
		};
		75A6CF9829F688C5000D7616 /* СoncentrationUITests */ = {
			isa = PBXGroup;
			children = (
				75A6CF9929F688C5000D7616 /* _oncentrationUITests.swift */,
				75A6CF9B29F688C5000D7616 /* _oncentrationUITestsLaunchTests.swift */,
			);
			path = "СoncentrationUITests";
			sourceTree = "<group>";
		};
		75A6CFA829F6A704000D7616 /* Models */ = {
			isa = PBXGroup;
			children = (
				75A6CFA929F6A71A000D7616 /* Card.swift */,
				75A6CFAB29F6A781000D7616 /* СoncentrationGame.swift */,
			);
			path = Models;
			sourceTree = "<group>";
		};
/* End PBXGroup section */

/* Begin PBXNativeTarget section */
		75A6CF7429F688C4000D7616 /* Сoncentration */ = {
			isa = PBXNativeTarget;
			buildConfigurationList = 75A6CF9F29F688C5000D7616 /* Build configuration list for PBXNativeTarget "Сoncentration" */;
			buildPhases = (
				75A6CF7129F688C4000D7616 /* Sources */,
				75A6CF7229F688C4000D7616 /* Frameworks */,
				75A6CF7329F688C4000D7616 /* Resources */,
			);
			buildRules = (
			);
			dependencies = (
			);
			name = "Сoncentration";
			productName = "Сoncentration";
			productReference = 75A6CF7529F688C4000D7616 /* Сoncentration.app */;
			productType = "com.apple.product-type.application";
		};
		75A6CF8A29F688C5000D7616 /* СoncentrationTests */ = {
			isa = PBXNativeTarget;
			buildConfigurationList = 75A6CFA229F688C5000D7616 /* Build configuration list for PBXNativeTarget "СoncentrationTests" */;
			buildPhases = (
				75A6CF8729F688C5000D7616 /* Sources */,
				75A6CF8829F688C5000D7616 /* Frameworks */,
				75A6CF8929F688C5000D7616 /* Resources */,
			);
			buildRules = (
			);
			dependencies = (
				75A6CF8D29F688C5000D7616 /* PBXTargetDependency */,
			);
			name = "СoncentrationTests";
			productName = "СoncentrationTests";
			productReference = 75A6CF8B29F688C5000D7616 /* СoncentrationTests.xctest */;
			productType = "com.apple.product-type.bundle.unit-test";
		};
		75A6CF9429F688C5000D7616 /* СoncentrationUITests */ = {
			isa = PBXNativeTarget;
			buildConfigurationList = 75A6CFA529F688C5000D7616 /* Build configuration list for PBXNativeTarget "СoncentrationUITests" */;
			buildPhases = (
				75A6CF9129F688C5000D7616 /* Sources */,
				75A6CF9229F688C5000D7616 /* Frameworks */,
				75A6CF9329F688C5000D7616 /* Resources */,
			);
			buildRules = (
			);
			dependencies = (
				75A6CF9729F688C5000D7616 /* PBXTargetDependency */,
			);
			name = "СoncentrationUITests";
			productName = "СoncentrationUITests";
			productReference = 75A6CF9529F688C5000D7616 /* СoncentrationUITests.xctest */;
			productType = "com.apple.product-type.bundle.ui-testing";
		};
/* End PBXNativeTarget section */

/* Begin PBXProject section */
		75A6CF6D29F688C4000D7616 /* Project object */ = {
			isa = PBXProject;
			attributes = {
				BuildIndependentTargetsInParallel = 1;
				LastSwiftUpdateCheck = 1430;
				LastUpgradeCheck = 1430;
				TargetAttributes = {
					75A6CF7429F688C4000D7616 = {
						CreatedOnToolsVersion = 14.3;
					};
					75A6CF8A29F688C5000D7616 = {
						CreatedOnToolsVersion = 14.3;
						TestTargetID = 75A6CF7429F688C4000D7616;
					};
					75A6CF9429F688C5000D7616 = {
						CreatedOnToolsVersion = 14.3;
						TestTargetID = 75A6CF7429F688C4000D7616;
					};
				};
			};
			buildConfigurationList = 75A6CF7029F688C4000D7616 /* Build configuration list for PBXProject "Сoncentration" */;
			compatibilityVersion = "Xcode 14.0";
			developmentRegion = en;
			hasScannedForEncodings = 0;
			knownRegions = (
				en,
				Base,
			);
			mainGroup = 75A6CF6C29F688C4000D7616;
			productRefGroup = 75A6CF7629F688C4000D7616 /* Products */;
			projectDirPath = "";
			projectRoot = "";
			targets = (
				75A6CF7429F688C4000D7616 /* Сoncentration */,
				75A6CF8A29F688C5000D7616 /* СoncentrationTests */,
				75A6CF9429F688C5000D7616 /* СoncentrationUITests */,
			);
		};
/* End PBXProject section */

/* Begin PBXResourcesBuildPhase section */
		75A6CF7329F688C4000D7616 /* Resources */ = {
			isa = PBXResourcesBuildPhase;
			buildActionMask = 2147483647;
			files = (
				75A6CF8529F688C5000D7616 /* LaunchScreen.storyboard in Resources */,
				75A6CF8229F688C5000D7616 /* Assets.xcassets in Resources */,
				75A6CF8029F688C4000D7616 /* Main.storyboard in Resources */,
			);
			runOnlyForDeploymentPostprocessing = 0;
		};
		75A6CF8929F688C5000D7616 /* Resources */ = {
			isa = PBXResourcesBuildPhase;
			buildActionMask = 2147483647;
			files = (
			);
			runOnlyForDeploymentPostprocessing = 0;
		};
		75A6CF9329F688C5000D7616 /* Resources */ = {
			isa = PBXResourcesBuildPhase;
			buildActionMask = 2147483647;
			files = (
			);
			runOnlyForDeploymentPostprocessing = 0;
		};
/* End PBXResourcesBuildPhase section */

/* Begin PBXSourcesBuildPhase section */
		75A6CF7129F688C4000D7616 /* Sources */ = {
			isa = PBXSourcesBuildPhase;
			buildActionMask = 2147483647;
			files = (
				75A6CF7D29F688C4000D7616 /* ViewController.swift in Sources */,
				75A6CF7929F688C4000D7616 /* AppDelegate.swift in Sources */,
				75A6CF7B29F688C4000D7616 /* SceneDelegate.swift in Sources */,
				75A6CFAA29F6A71A000D7616 /* Card.swift in Sources */,
				75A6CFAC29F6A781000D7616 /* СoncentrationGame.swift in Sources */,
			);
			runOnlyForDeploymentPostprocessing = 0;
		};
		75A6CF8729F688C5000D7616 /* Sources */ = {
			isa = PBXSourcesBuildPhase;
			buildActionMask = 2147483647;
			files = (
				75A6CF9029F688C5000D7616 /* _oncentrationTests.swift in Sources */,
			);
			runOnlyForDeploymentPostprocessing = 0;
		};
		75A6CF9129F688C5000D7616 /* Sources */ = {
			isa = PBXSourcesBuildPhase;
			buildActionMask = 2147483647;
			files = (
				75A6CF9C29F688C5000D7616 /* _oncentrationUITestsLaunchTests.swift in Sources */,
				75A6CF9A29F688C5000D7616 /* _oncentrationUITests.swift in Sources */,
			);
			runOnlyForDeploymentPostprocessing = 0;
		};
/* End PBXSourcesBuildPhase section */

/* Begin PBXTargetDependency section */
		75A6CF8D29F688C5000D7616 /* PBXTargetDependency */ = {
			isa = PBXTargetDependency;
			target = 75A6CF7429F688C4000D7616 /* Сoncentration */;
			targetProxy = 75A6CF8C29F688C5000D7616 /* PBXContainerItemProxy */;
		};
		75A6CF9729F688C5000D7616 /* PBXTargetDependency */ = {
			isa = PBXTargetDependency;
			target = 75A6CF7429F688C4000D7616 /* Сoncentration */;
			targetProxy = 75A6CF9629F688C5000D7616 /* PBXContainerItemProxy */;
		};
/* End PBXTargetDependency section */

/* Begin PBXVariantGroup section */
		75A6CF7E29F688C4000D7616 /* Main.storyboard */ = {
			isa = PBXVariantGroup;
			children = (
				75A6CF7F29F688C4000D7616 /* Base */,
			);
			name = Main.storyboard;
			sourceTree = "<group>";
		};
		75A6CF8329F688C5000D7616 /* LaunchScreen.storyboard */ = {
			isa = PBXVariantGroup;
			children = (
				75A6CF8429F688C5000D7616 /* Base */,
			);
			name = LaunchScreen.storyboard;
			sourceTree = "<group>";
		};
/* End PBXVariantGroup section */

/* Begin XCBuildConfiguration section */
		75A6CF9D29F688C5000D7616 /* Debug */ = {
			isa = XCBuildConfiguration;
			buildSettings = {
				ALWAYS_SEARCH_USER_PATHS = NO;
				CLANG_ANALYZER_NONNULL = YES;
				CLANG_ANALYZER_NUMBER_OBJECT_CONVERSION = YES_AGGRESSIVE;
				CLANG_CXX_LANGUAGE_STANDARD = "gnu++20";
				CLANG_ENABLE_MODULES = YES;
				CLANG_ENABLE_OBJC_ARC = YES;
				CLANG_ENABLE_OBJC_WEAK = YES;
				CLANG_WARN_BLOCK_CAPTURE_AUTORELEASING = YES;
				CLANG_WARN_BOOL_CONVERSION = YES;
				CLANG_WARN_COMMA = YES;
				CLANG_WARN_CONSTANT_CONVERSION = YES;
				CLANG_WARN_DEPRECATED_OBJC_IMPLEMENTATIONS = YES;
				CLANG_WARN_DIRECT_OBJC_ISA_USAGE = YES_ERROR;
				CLANG_WARN_DOCUMENTATION_COMMENTS = YES;
				CLANG_WARN_EMPTY_BODY = YES;
				CLANG_WARN_ENUM_CONVERSION = YES;
				CLANG_WARN_INFINITE_RECURSION = YES;
				CLANG_WARN_INT_CONVERSION = YES;
				CLANG_WARN_NON_LITERAL_NULL_CONVERSION = YES;
				CLANG_WARN_OBJC_IMPLICIT_RETAIN_SELF = YES;
				CLANG_WARN_OBJC_LITERAL_CONVERSION = YES;
				CLANG_WARN_OBJC_ROOT_CLASS = YES_ERROR;
				CLANG_WARN_QUOTED_INCLUDE_IN_FRAMEWORK_HEADER = YES;
				CLANG_WARN_RANGE_LOOP_ANALYSIS = YES;
				CLANG_WARN_STRICT_PROTOTYPES = YES;
				CLANG_WARN_SUSPICIOUS_MOVE = YES;
				CLANG_WARN_UNGUARDED_AVAILABILITY = YES_AGGRESSIVE;
				CLANG_WARN_UNREACHABLE_CODE = YES;
				CLANG_WARN__DUPLICATE_METHOD_MATCH = YES;
				COPY_PHASE_STRIP = NO;
				DEBUG_INFORMATION_FORMAT = dwarf;
				ENABLE_STRICT_OBJC_MSGSEND = YES;
				ENABLE_TESTABILITY = YES;
				GCC_C_LANGUAGE_STANDARD = gnu11;
				GCC_DYNAMIC_NO_PIC = NO;
				GCC_NO_COMMON_BLOCKS = YES;
				GCC_OPTIMIZATION_LEVEL = 0;
				GCC_PREPROCESSOR_DEFINITIONS = (
					"DEBUG=1",
					"$(inherited)",
				);
				GCC_WARN_64_TO_32_BIT_CONVERSION = YES;
				GCC_WARN_ABOUT_RETURN_TYPE = YES_ERROR;
				GCC_WARN_UNDECLARED_SELECTOR = YES;
				GCC_WARN_UNINITIALIZED_AUTOS = YES_AGGRESSIVE;
				GCC_WARN_UNUSED_FUNCTION = YES;
				GCC_WARN_UNUSED_VARIABLE = YES;
				IPHONEOS_DEPLOYMENT_TARGET = 16.4;
				MTL_ENABLE_DEBUG_INFO = INCLUDE_SOURCE;
				MTL_FAST_MATH = YES;
				ONLY_ACTIVE_ARCH = YES;
				SDKROOT = iphoneos;
				SWIFT_ACTIVE_COMPILATION_CONDITIONS = DEBUG;
				SWIFT_OPTIMIZATION_LEVEL = "-Onone";
			};
			name = Debug;
		};
		75A6CF9E29F688C5000D7616 /* Release */ = {
			isa = XCBuildConfiguration;
			buildSettings = {
				ALWAYS_SEARCH_USER_PATHS = NO;
				CLANG_ANALYZER_NONNULL = YES;
				CLANG_ANALYZER_NUMBER_OBJECT_CONVERSION = YES_AGGRESSIVE;
				CLANG_CXX_LANGUAGE_STANDARD = "gnu++20";
				CLANG_ENABLE_MODULES = YES;
				CLANG_ENABLE_OBJC_ARC = YES;
				CLANG_ENABLE_OBJC_WEAK = YES;
				CLANG_WARN_BLOCK_CAPTURE_AUTORELEASING = YES;
				CLANG_WARN_BOOL_CONVERSION = YES;
				CLANG_WARN_COMMA = YES;
				CLANG_WARN_CONSTANT_CONVERSION = YES;
				CLANG_WARN_DEPRECATED_OBJC_IMPLEMENTATIONS = YES;
				CLANG_WARN_DIRECT_OBJC_ISA_USAGE = YES_ERROR;
				CLANG_WARN_DOCUMENTATION_COMMENTS = YES;
				CLANG_WARN_EMPTY_BODY = YES;
				CLANG_WARN_ENUM_CONVERSION = YES;
				CLANG_WARN_INFINITE_RECURSION = YES;
				CLANG_WARN_INT_CONVERSION = YES;
				CLANG_WARN_NON_LITERAL_NULL_CONVERSION = YES;
				CLANG_WARN_OBJC_IMPLICIT_RETAIN_SELF = YES;
				CLANG_WARN_OBJC_LITERAL_CONVERSION = YES;
				CLANG_WARN_OBJC_ROOT_CLASS = YES_ERROR;
				CLANG_WARN_QUOTED_INCLUDE_IN_FRAMEWORK_HEADER = YES;
				CLANG_WARN_RANGE_LOOP_ANALYSIS = YES;
				CLANG_WARN_STRICT_PROTOTYPES = YES;
				CLANG_WARN_SUSPICIOUS_MOVE = YES;
				CLANG_WARN_UNGUARDED_AVAILABILITY = YES_AGGRESSIVE;
				CLANG_WARN_UNREACHABLE_CODE = YES;
				CLANG_WARN__DUPLICATE_METHOD_MATCH = YES;
				COPY_PHASE_STRIP = NO;
				DEBUG_INFORMATION_FORMAT = "dwarf-with-dsym";
				ENABLE_NS_ASSERTIONS = NO;
				ENABLE_STRICT_OBJC_MSGSEND = YES;
				GCC_C_LANGUAGE_STANDARD = gnu11;
				GCC_NO_COMMON_BLOCKS = YES;
				GCC_WARN_64_TO_32_BIT_CONVERSION = YES;
				GCC_WARN_ABOUT_RETURN_TYPE = YES_ERROR;
				GCC_WARN_UNDECLARED_SELECTOR = YES;
				GCC_WARN_UNINITIALIZED_AUTOS = YES_AGGRESSIVE;
				GCC_WARN_UNUSED_FUNCTION = YES;
				GCC_WARN_UNUSED_VARIABLE = YES;
				IPHONEOS_DEPLOYMENT_TARGET = 16.4;
				MTL_ENABLE_DEBUG_INFO = NO;
				MTL_FAST_MATH = YES;
				SDKROOT = iphoneos;
				SWIFT_COMPILATION_MODE = wholemodule;
				SWIFT_OPTIMIZATION_LEVEL = "-O";
				VALIDATE_PRODUCT = YES;
			};
			name = Release;
		};
		75A6CFA029F688C5000D7616 /* Debug */ = {
			isa = XCBuildConfiguration;
			buildSettings = {
				ASSETCATALOG_COMPILER_APPICON_NAME = AppIcon;
				ASSETCATALOG_COMPILER_GLOBAL_ACCENT_COLOR_NAME = AccentColor;
				CODE_SIGN_STYLE = Automatic;
				CURRENT_PROJECT_VERSION = 1;
				GENERATE_INFOPLIST_FILE = YES;
				INFOPLIST_FILE = "Сoncentration/Info.plist";
				INFOPLIST_KEY_UIApplicationSupportsIndirectInputEvents = YES;
				INFOPLIST_KEY_UILaunchStoryboardName = LaunchScreen;
				INFOPLIST_KEY_UIMainStoryboardFile = Main;
				INFOPLIST_KEY_UISupportedInterfaceOrientations_iPad = "UIInterfaceOrientationPortrait UIInterfaceOrientationPortraitUpsideDown UIInterfaceOrientationLandscapeLeft UIInterfaceOrientationLandscapeRight";
				INFOPLIST_KEY_UISupportedInterfaceOrientations_iPhone = "UIInterfaceOrientationPortrait UIInterfaceOrientationLandscapeLeft UIInterfaceOrientationLandscapeRight";
				LD_RUNPATH_SEARCH_PATHS = (
					"$(inherited)",
					"@executable_path/Frameworks",
				);
				MARKETING_VERSION = 1.0;
				PRODUCT_BUNDLE_IDENTIFIER = "com.semdelionteam.mvpdemo.-oncentration";
				PRODUCT_NAME = "$(TARGET_NAME)";
				SUPPORTED_PLATFORMS = "iphoneos iphonesimulator";
				SUPPORTS_MACCATALYST = NO;
				SUPPORTS_MAC_DESIGNED_FOR_IPHONE_IPAD = NO;
				SWIFT_EMIT_LOC_STRINGS = YES;
				SWIFT_VERSION = 5.0;
				TARGETED_DEVICE_FAMILY = 1;
			};
			name = Debug;
		};
		75A6CFA129F688C5000D7616 /* Release */ = {
			isa = XCBuildConfiguration;
			buildSettings = {
				ASSETCATALOG_COMPILER_APPICON_NAME = AppIcon;
				ASSETCATALOG_COMPILER_GLOBAL_ACCENT_COLOR_NAME = AccentColor;
				CODE_SIGN_STYLE = Automatic;
				CURRENT_PROJECT_VERSION = 1;
				GENERATE_INFOPLIST_FILE = YES;
				INFOPLIST_FILE = "Сoncentration/Info.plist";
				INFOPLIST_KEY_UIApplicationSupportsIndirectInputEvents = YES;
				INFOPLIST_KEY_UILaunchStoryboardName = LaunchScreen;
				INFOPLIST_KEY_UIMainStoryboardFile = Main;
				INFOPLIST_KEY_UISupportedInterfaceOrientations_iPad = "UIInterfaceOrientationPortrait UIInterfaceOrientationPortraitUpsideDown UIInterfaceOrientationLandscapeLeft UIInterfaceOrientationLandscapeRight";
				INFOPLIST_KEY_UISupportedInterfaceOrientations_iPhone = "UIInterfaceOrientationPortrait UIInterfaceOrientationLandscapeLeft UIInterfaceOrientationLandscapeRight";
				LD_RUNPATH_SEARCH_PATHS = (
					"$(inherited)",
					"@executable_path/Frameworks",
				);
				MARKETING_VERSION = 1.0;
				PRODUCT_BUNDLE_IDENTIFIER = "com.semdelionteam.mvpdemo.-oncentration";
				PRODUCT_NAME = "$(TARGET_NAME)";
				SUPPORTED_PLATFORMS = "iphoneos iphonesimulator";
				SUPPORTS_MACCATALYST = NO;
				SUPPORTS_MAC_DESIGNED_FOR_IPHONE_IPAD = NO;
				SWIFT_EMIT_LOC_STRINGS = YES;
				SWIFT_VERSION = 5.0;
				TARGETED_DEVICE_FAMILY = 1;
			};
			name = Release;
		};
		75A6CFA329F688C5000D7616 /* Debug */ = {
			isa = XCBuildConfiguration;
			buildSettings = {
				ALWAYS_EMBED_SWIFT_STANDARD_LIBRARIES = YES;
				BUNDLE_LOADER = "$(TEST_HOST)";
				CODE_SIGN_STYLE = Automatic;
				CURRENT_PROJECT_VERSION = 1;
				GENERATE_INFOPLIST_FILE = YES;
				IPHONEOS_DEPLOYMENT_TARGET = 16.4;
				MARKETING_VERSION = 1.0;
				PRODUCT_BUNDLE_IDENTIFIER = "com.semdelionteam.mvpdemo.-oncentrationTests";
				PRODUCT_NAME = "$(TARGET_NAME)";
				SWIFT_EMIT_LOC_STRINGS = NO;
				SWIFT_VERSION = 5.0;
				TARGETED_DEVICE_FAMILY = "1,2";
				TEST_HOST = "$(BUILT_PRODUCTS_DIR)/Сoncentration.app/$(BUNDLE_EXECUTABLE_FOLDER_PATH)/Сoncentration";
			};
			name = Debug;
		};
		75A6CFA429F688C5000D7616 /* Release */ = {
			isa = XCBuildConfiguration;
			buildSettings = {
				ALWAYS_EMBED_SWIFT_STANDARD_LIBRARIES = YES;
				BUNDLE_LOADER = "$(TEST_HOST)";
				CODE_SIGN_STYLE = Automatic;
				CURRENT_PROJECT_VERSION = 1;
				GENERATE_INFOPLIST_FILE = YES;
				IPHONEOS_DEPLOYMENT_TARGET = 16.4;
				MARKETING_VERSION = 1.0;
				PRODUCT_BUNDLE_IDENTIFIER = "com.semdelionteam.mvpdemo.-oncentrationTests";
				PRODUCT_NAME = "$(TARGET_NAME)";
				SWIFT_EMIT_LOC_STRINGS = NO;
				SWIFT_VERSION = 5.0;
				TARGETED_DEVICE_FAMILY = "1,2";
				TEST_HOST = "$(BUILT_PRODUCTS_DIR)/Сoncentration.app/$(BUNDLE_EXECUTABLE_FOLDER_PATH)/Сoncentration";
			};
			name = Release;
		};
		75A6CFA629F688C5000D7616 /* Debug */ = {
			isa = XCBuildConfiguration;
			buildSettings = {
				ALWAYS_EMBED_SWIFT_STANDARD_LIBRARIES = YES;
				CODE_SIGN_STYLE = Automatic;
				CURRENT_PROJECT_VERSION = 1;
				GENERATE_INFOPLIST_FILE = YES;
				MARKETING_VERSION = 1.0;
				PRODUCT_BUNDLE_IDENTIFIER = "com.semdelionteam.mvpdemo.-oncentrationUITests";
				PRODUCT_NAME = "$(TARGET_NAME)";
				SWIFT_EMIT_LOC_STRINGS = NO;
				SWIFT_VERSION = 5.0;
				TARGETED_DEVICE_FAMILY = "1,2";
				TEST_TARGET_NAME = "Сoncentration";
			};
			name = Debug;
		};
		75A6CFA729F688C5000D7616 /* Release */ = {
			isa = XCBuildConfiguration;
			buildSettings = {
				ALWAYS_EMBED_SWIFT_STANDARD_LIBRARIES = YES;
				CODE_SIGN_STYLE = Automatic;
				CURRENT_PROJECT_VERSION = 1;
				GENERATE_INFOPLIST_FILE = YES;
				MARKETING_VERSION = 1.0;
				PRODUCT_BUNDLE_IDENTIFIER = "com.semdelionteam.mvpdemo.-oncentrationUITests";
				PRODUCT_NAME = "$(TARGET_NAME)";
				SWIFT_EMIT_LOC_STRINGS = NO;
				SWIFT_VERSION = 5.0;
				TARGETED_DEVICE_FAMILY = "1,2";
				TEST_TARGET_NAME = "Сoncentration";
			};
			name = Release;
		};
/* End XCBuildConfiguration section */

/* Begin XCConfigurationList section */
		75A6CF7029F688C4000D7616 /* Build configuration list for PBXProject "Сoncentration" */ = {
			isa = XCConfigurationList;
			buildConfigurations = (
				75A6CF9D29F688C5000D7616 /* Debug */,
				75A6CF9E29F688C5000D7616 /* Release */,
			);
			defaultConfigurationIsVisible = 0;
			defaultConfigurationName = Release;
		};
		75A6CF9F29F688C5000D7616 /* Build configuration list for PBXNativeTarget "Сoncentration" */ = {
			isa = XCConfigurationList;
			buildConfigurations = (
				75A6CFA029F688C5000D7616 /* Debug */,
				75A6CFA129F688C5000D7616 /* Release */,
			);
			defaultConfigurationIsVisible = 0;
			defaultConfigurationName = Release;
		};
		75A6CFA229F688C5000D7616 /* Build configuration list for PBXNativeTarget "СoncentrationTests" */ = {
			isa = XCConfigurationList;
			buildConfigurations = (
				75A6CFA329F688C5000D7616 /* Debug */,
				75A6CFA429F688C5000D7616 /* Release */,
			);
			defaultConfigurationIsVisible = 0;
			defaultConfigurationName = Release;
		};
		75A6CFA529F688C5000D7616 /* Build configuration list for PBXNativeTarget "СoncentrationUITests" */ = {
			isa = XCConfigurationList;
			buildConfigurations = (
				75A6CFA629F688C5000D7616 /* Debug */,
				75A6CFA729F688C5000D7616 /* Release */,
			);
			defaultConfigurationIsVisible = 0;
			defaultConfigurationName = Release;
		};
/* End XCConfigurationList section */
	};
	rootObject = 75A6CF6D29F688C4000D7616 /* Project object */;
}
